
Microsoft Visual Studio Solution File, Format Version 12.00
# Visual Studio Version 16
VisualStudioVersion = 16.0.29613.14
MinimumVisualStudioVersion = 10.0.40219.1
Project("{9A19103F-16F7-4668-BE54-9A1E7A4F7556}") = "WebApi", "WebApi\WebApi.csproj", "{8C23ABF9-340A-4D21-BACD-A515A3C072EF}"
EndProject
Project("{2150E333-8FDC-42A3-9474-1A3956D46DE8}") = "Solution Items", "Solution Items", "{B554C0DB-5235-472D-BD47-A1C09A91EF26}"
	ProjectSection(SolutionItems) = preProject
		.gitignore = .gitignore
		..\CONTRIBUTING.md = ..\CONTRIBUTING.md
		..\LICENSE = ..\LICENSE
		..\README.md = ..\README.md
	EndProjectSection
EndProject
Project("{9A19103F-16F7-4668-BE54-9A1E7A4F7556}") = "BinanceConnector", "BinanceConnector\BinanceConnector.csproj", "{F45F256A-82A4-44B8-9DC1-92BF552EAC8D}"
EndProject
Project("{9A19103F-16F7-4668-BE54-9A1E7A4F7556}") = "Indicators", "..\..\Stock.Indicators\indicators\Indicators.csproj", "{BFAF235D-1005-4687-8890-542721B19E7D}"
EndProject
Project("{9A19103F-16F7-4668-BE54-9A1E7A4F7556}") = "CandleStickPatterns", "..\..\Stock.Indicators\CandleStickPatterns\CandleStickPatterns.csproj", "{4113A13E-EAEF-434D-BD7F-47E516CF660F}"
EndProject
Global
	GlobalSection(SolutionConfigurationPlatforms) = preSolution
		Debug|Any CPU = Debug|Any CPU
		Release|Any CPU = Release|Any CPU
	EndGlobalSection
	GlobalSection(ProjectConfigurationPlatforms) = postSolution
		{8C23ABF9-340A-4D21-BACD-A515A3C072EF}.Debug|Any CPU.ActiveCfg = Debug|Any CPU
		{8C23ABF9-340A-4D21-BACD-A515A3C072EF}.Debug|Any CPU.Build.0 = Debug|Any CPU
		{8C23ABF9-340A-4D21-BACD-A515A3C072EF}.Release|Any CPU.ActiveCfg = Release|Any CPU
		{8C23ABF9-340A-4D21-BACD-A515A3C072EF}.Release|Any CPU.Build.0 = Release|Any CPU
		{F45F256A-82A4-44B8-9DC1-92BF552EAC8D}.Debug|Any CPU.ActiveCfg = Debug|Any CPU
		{F45F256A-82A4-44B8-9DC1-92BF552EAC8D}.Debug|Any CPU.Build.0 = Debug|Any CPU
		{F45F256A-82A4-44B8-9DC1-92BF552EAC8D}.Release|Any CPU.ActiveCfg = Release|Any CPU
		{F45F256A-82A4-44B8-9DC1-92BF552EAC8D}.Release|Any CPU.Build.0 = Release|Any CPU
		{BFAF235D-1005-4687-8890-542721B19E7D}.Debug|Any CPU.ActiveCfg = Debug|Any CPU
		{BFAF235D-1005-4687-8890-542721B19E7D}.Debug|Any CPU.Build.0 = Debug|Any CPU
		{BFAF235D-1005-4687-8890-542721B19E7D}.Release|Any CPU.ActiveCfg = Release|Any CPU
		{BFAF235D-1005-4687-8890-542721B19E7D}.Release|Any CPU.Build.0 = Release|Any CPU
		{4113A13E-EAEF-434D-BD7F-47E516CF660F}.Debug|Any CPU.ActiveCfg = Debug|Any CPU
		{4113A13E-EAEF-434D-BD7F-47E516CF660F}.Debug|Any CPU.Build.0 = Debug|Any CPU
		{4113A13E-EAEF-434D-BD7F-47E516CF660F}.Release|Any CPU.ActiveCfg = Release|Any CPU
		{4113A13E-EAEF-434D-BD7F-47E516CF660F}.Release|Any CPU.Build.0 = Release|Any CPU
	EndGlobalSection
	GlobalSection(SolutionProperties) = preSolution
		HideSolutionNode = FALSE
	EndGlobalSection
	GlobalSection(ExtensibilityGlobals) = postSolution
		SolutionGuid = {B2B4F7FC-222A-4EB6-9A92-DA02BBADF2A8}
	EndGlobalSection
EndGlobal
